{
  "object": {
    "pins": [
      {
        "package": "MarqueeLabel",
        "repositoryURL": "https://github.com/cbpowell/MarqueeLabel",
        "state": {
          "branch": null,
          "revision": "d92fe1583dbf43fa3b70229a49fa7da6b36750d4",
          "version": "4.0.5"
        }
      },
      {
        "package": "NotificationBannerSwift",
        "repositoryURL": "https://github.com/Daltron/NotificationBanner",
        "state": {
          "branch": null,
          "revision": "2ce5c49d8ee4865f01a3ce3bbe078664c78c7a3c",
          "version": "3.0.6"
        }
      },
      {
        "package": "SnapKit",
        "repositoryURL": "https://github.com/SnapKit/SnapKit",
        "state": {
          "branch": null,
          "revision": "d458564516e5676af9c70b4f4b2a9178294f1bc6",
          "version": "5.0.1"
        }
      }
    ]
  },
  "version": 1
}
